{
  "nodes": {
    "darwin": {
      "inputs": {
        "nixpkgs": [
          "nixpkgs"
        ]
      },
      "locked": {
        "lastModified": 1709112925,
        "narHash": "sha256-5y8Dhw1HYdc+BWv+qQjJUIwc+ByoudtoGaHEcrXYlXw=",
        "owner": "lnl7",
        "repo": "nix-darwin",
        "rev": "283d59778e6b8c41cac4bdeac5b2512d6de51150",
        "type": "github"
      },
      "original": {
        "owner": "lnl7",
        "repo": "nix-darwin",
        "type": "github"
      }
    },
    "home-manager": {
      "inputs": {
        "nixpkgs": [
          "nixpkgs"
        ]
      },
      "locked": {
        "lastModified": 1704498488,
        "narHash": "sha256-yINKdShHrtjdiJhov+q0s3Y3B830ujRoSbHduUNyKag=",
        "owner": "nix-community",
        "repo": "home-manager",
        "rev": "51e44a13acea71b36245e8bd8c7db53e0a3e61ee",
        "type": "github"
      },
      "original": {
        "owner": "nix-community",
        "repo": "home-manager",
        "type": "github"
      }
    },
    "nixpkgs": {
      "locked": {
        "lastModified": 1704538339,
        "narHash": "sha256-1734d3mQuux9ySvwf6axRWZRBhtcZA9Q8eftD6EZg6U=",
        "owner": "nixos",
        "repo": "nixpkgs",
        "rev": "46ae0210ce163b3cba6c7da08840c1d63de9c701",
        "type": "github"
      },
      "original": {
        "owner": "nixos",
        "ref": "nixos-unstable",
        "repo": "nixpkgs",
        "type": "github"
      }
    },
    "plugin-battery": {
      "flake": false,
      "locked": {
        "lastModified": 1705341536,
        "narHash": "sha256-i0MqxcnMtmA7dM47/NbHKkFpIjKki5Q2Dg6OHjazUD4=",
        "owner": "justinhj",
        "repo": "battery.nvim",
        "rev": "007d7943e28d1fc8c49a46c3a9c3b3f34975a0c2",
        "type": "github"
      },
      "original": {
        "owner": "justinhj",
        "repo": "battery.nvim",
        "type": "github"
      }
    },
    "plugin-mini-hipatterns": {
      "flake": false,
      "locked": {
        "lastModified": 1707650664,
        "narHash": "sha256-LQviyWJ6b9d/swswRxznBaHaTacYu5m0E7P9rDniNAg=",
        "owner": "echasnovski",
        "repo": "mini.hipatterns",
        "rev": "0a72439dbded766af753a3e7ec0a5b21d0f8ada0",
        "type": "github"
      },
      "original": {
        "owner": "echasnovski",
        "repo": "mini.hipatterns",
        "type": "github"
      }
    },
    "root": {
      "inputs": {
        "darwin": "darwin",
        "home-manager": "home-manager",
        "nixpkgs": "nixpkgs",
        "plugin-battery": "plugin-battery",
        "plugin-mini-hipatterns": "plugin-mini-hipatterns"
      }
    }
  },
  "root": "root",
  "version": 7
}
